// !$*UTF8*$!
{
	archiveVersion = 1;
	classes = {
	};
	objectVersion = 50;
	objects = {

/* Begin PBXBuildFile section */
		7F871C7626E737AC00E0DF29 /* AppDelegate.swift in Sources */ = {isa = PBXBuildFile; fileRef = 7F871C7526E737AC00E0DF29 /* AppDelegate.swift */; };
		7F871C7826E737AC00E0DF29 /* SceneDelegate.swift in Sources */ = {isa = PBXBuildFile; fileRef = 7F871C7726E737AC00E0DF29 /* SceneDelegate.swift */; };
		7F871C7D26E737AC00E0DF29 /* Main.storyboard in Resources */ = {isa = PBXBuildFile; fileRef = 7F871C7B26E737AC00E0DF29 /* Main.storyboard */; };
		7F871C7F26E737AC00E0DF29 /* Assets.xcassets in Resources */ = {isa = PBXBuildFile; fileRef = 7F871C7E26E737AC00E0DF29 /* Assets.xcassets */; };
		7F871C8226E737AC00E0DF29 /* LaunchScreen.storyboard in Resources */ = {isa = PBXBuildFile; fileRef = 7F871C8026E737AC00E0DF29 /* LaunchScreen.storyboard */; };
		7F871C8F26E73BF500E0DF29 /* PokemonManager.swift in Sources */ = {isa = PBXBuildFile; fileRef = 7F871C8E26E73BF500E0DF29 /* PokemonManager.swift */; };
		7F871C9426E75D2200E0DF29 /* TableViewController.swift in Sources */ = {isa = PBXBuildFile; fileRef = 7F871C9026E7547B00E0DF29 /* TableViewController.swift */; };
		7F871C9526E75D2800E0DF29 /* Pokemon.swift in Sources */ = {isa = PBXBuildFile; fileRef = 7F871C8C26E73BE200E0DF29 /* Pokemon.swift */; };
/* End PBXBuildFile section */

/* Begin PBXFileReference section */
		7F871C7226E737AC00E0DF29 /* PokedexTest.app */ = {isa = PBXFileReference; explicitFileType = wrapper.application; includeInIndex = 0; path = PokedexTest.app; sourceTree = BUILT_PRODUCTS_DIR; };
		7F871C7526E737AC00E0DF29 /* AppDelegate.swift */ = {isa = PBXFileReference; lastKnownFileType = sourcecode.swift; path = AppDelegate.swift; sourceTree = "<group>"; };
		7F871C7726E737AC00E0DF29 /* SceneDelegate.swift */ = {isa = PBXFileReference; lastKnownFileType = sourcecode.swift; path = SceneDelegate.swift; sourceTree = "<group>"; };
		7F871C7C26E737AC00E0DF29 /* Base */ = {isa = PBXFileReference; lastKnownFileType = file.storyboard; name = Base; path = Base.lproj/Main.storyboard; sourceTree = "<group>"; };
		7F871C7E26E737AC00E0DF29 /* Assets.xcassets */ = {isa = PBXFileReference; lastKnownFileType = folder.assetcatalog; path = Assets.xcassets; sourceTree = "<group>"; };
		7F871C8126E737AC00E0DF29 /* Base */ = {isa = PBXFileReference; lastKnownFileType = file.storyboard; name = Base; path = Base.lproj/LaunchScreen.storyboard; sourceTree = "<group>"; };
		7F871C8326E737AC00E0DF29 /* Info.plist */ = {isa = PBXFileReference; lastKnownFileType = text.plist.xml; path = Info.plist; sourceTree = "<group>"; };
		7F871C8C26E73BE200E0DF29 /* Pokemon.swift */ = {isa = PBXFileReference; lastKnownFileType = sourcecode.swift; path = Pokemon.swift; sourceTree = "<group>"; };
		7F871C8E26E73BF500E0DF29 /* PokemonManager.swift */ = {isa = PBXFileReference; lastKnownFileType = sourcecode.swift; path = PokemonManager.swift; sourceTree = "<group>"; };
		7F871C9026E7547B00E0DF29 /* TableViewController.swift */ = {isa = PBXFileReference; lastKnownFileType = sourcecode.swift; path = TableViewController.swift; sourceTree = "<group>"; };
/* End PBXFileReference section */

/* Begin PBXFrameworksBuildPhase section */
		7F871C6F26E737AC00E0DF29 /* Frameworks */ = {
			isa = PBXFrameworksBuildPhase;
			buildActionMask = 2147483647;
			files = (
			);
			runOnlyForDeploymentPostprocessing = 0;
		};
/* End PBXFrameworksBuildPhase section */

/* Begin PBXGroup section */
		7F871C6926E737AC00E0DF29 = {
			isa = PBXGroup;
			children = (
				7F871C7426E737AC00E0DF29 /* PokedexTest */,
				7F871C7326E737AC00E0DF29 /* Products */,
			);
			sourceTree = "<group>";
		};
		7F871C7326E737AC00E0DF29 /* Products */ = {
			isa = PBXGroup;
			children = (
				7F871C7226E737AC00E0DF29 /* PokedexTest.app */,
			);
			name = Products;
			sourceTree = "<group>";
		};
		7F871C7426E737AC00E0DF29 /* PokedexTest */ = {
			isa = PBXGroup;
			children = (
				7F871C7526E737AC00E0DF29 /* AppDelegate.swift */,
				7F871C7726E737AC00E0DF29 /* SceneDelegate.swift */,
				7F871C8B26E739D900E0DF29 /* Model */,
				7F871C8A26E739CF00E0DF29 /* Controller */,
				7F871C8926E739C500E0DF29 /* View */,
				7F871C7E26E737AC00E0DF29 /* Assets.xcassets */,
				7F871C8026E737AC00E0DF29 /* LaunchScreen.storyboard */,
				7F871C8326E737AC00E0DF29 /* Info.plist */,
			);
			path = PokedexTest;
			sourceTree = "<group>";
		};
		7F871C8926E739C500E0DF29 /* View */ = {
			isa = PBXGroup;
			children = (
				7F871C7B26E737AC00E0DF29 /* Main.storyboard */,
			);
			path = View;
			sourceTree = "<group>";
		};
		7F871C8A26E739CF00E0DF29 /* Controller */ = {
			isa = PBXGroup;
			children = (
				7F871C9026E7547B00E0DF29 /* TableViewController.swift */,
			);
			path = Controller;
			sourceTree = "<group>";
		};
		7F871C8B26E739D900E0DF29 /* Model */ = {
			isa = PBXGroup;
			children = (
				7F871C8C26E73BE200E0DF29 /* Pokemon.swift */,
				7F871C8E26E73BF500E0DF29 /* PokemonManager.swift */,
			);
			path = Model;
			sourceTree = "<group>";
		};
/* End PBXGroup section */

/* Begin PBXNativeTarget section */
		7F871C7126E737AC00E0DF29 /* PokedexTest */ = {
			isa = PBXNativeTarget;
			buildConfigurationList = 7F871C8626E737AC00E0DF29 /* Build configuration list for PBXNativeTarget "PokedexTest" */;
			buildPhases = (
				7F871C6E26E737AC00E0DF29 /* Sources */,
				7F871C6F26E737AC00E0DF29 /* Frameworks */,
				7F871C7026E737AC00E0DF29 /* Resources */,
			);
			buildRules = (
			);
			dependencies = (
			);
			name = PokedexTest;
			productName = PokedexTest;
			productReference = 7F871C7226E737AC00E0DF29 /* PokedexTest.app */;
			productType = "com.apple.product-type.application";
		};
/* End PBXNativeTarget section */

/* Begin PBXProject section */
		7F871C6A26E737AC00E0DF29 /* Project object */ = {
			isa = PBXProject;
			attributes = {
				LastSwiftUpdateCheck = 1250;
				LastUpgradeCheck = 1250;
				TargetAttributes = {
					7F871C7126E737AC00E0DF29 = {
						CreatedOnToolsVersion = 12.5.1;
					};
				};
			};
			buildConfigurationList = 7F871C6D26E737AC00E0DF29 /* Build configuration list for PBXProject "PokedexTest" */;
			compatibilityVersion = "Xcode 9.3";
			developmentRegion = en;
			hasScannedForEncodings = 0;
			knownRegions = (
				en,
				Base,
			);
			mainGroup = 7F871C6926E737AC00E0DF29;
			productRefGroup = 7F871C7326E737AC00E0DF29 /* Products */;
			projectDirPath = "";
			projectRoot = "";
			targets = (
				7F871C7126E737AC00E0DF29 /* PokedexTest */,
			);
		};
/* End PBXProject section */

/* Begin PBXResourcesBuildPhase section */
		7F871C7026E737AC00E0DF29 /* Resources */ = {
			isa = PBXResourcesBuildPhase;
			buildActionMask = 2147483647;
			files = (
				7F871C8226E737AC00E0DF29 /* LaunchScreen.storyboard in Resources */,
				7F871C7F26E737AC00E0DF29 /* Assets.xcassets in Resources */,
				7F871C7D26E737AC00E0DF29 /* Main.storyboard in Resources */,
			);
			runOnlyForDeploymentPostprocessing = 0;
		};
/* End PBXResourcesBuildPhase section */

/* Begin PBXSourcesBuildPhase section */
		7F871C6E26E737AC00E0DF29 /* Sources */ = {
			isa = PBXSourcesBuildPhase;
			buildActionMask = 2147483647;
			files = (
				7F871C9526E75D2800E0DF29 /* Pokemon.swift in Sources */,
				7F871C8F26E73BF500E0DF29 /* PokemonManager.swift in Sources */,
				7F871C7626E737AC00E0DF29 /* AppDelegate.swift in Sources */,
				7F871C7826E737AC00E0DF29 /* SceneDelegate.swift in Sources */,
				7F871C9426E75D2200E0DF29 /* TableViewController.swift in Sources */,
			);
			runOnlyForDeploymentPostprocessing = 0;
		};
/* End PBXSourcesBuildPhase section */

/* Begin PBXVariantGroup section */
		7F871C7B26E737AC00E0DF29 /* Main.storyboard */ = {
			isa = PBXVariantGroup;
			children = (
				7F871C7C26E737AC00E0DF29 /* Base */,
			);
			name = Main.storyboard;
			sourceTree = "<group>";
		};
		7F871C8026E737AC00E0DF29 /* LaunchScreen.storyboard */ = {
			isa = PBXVariantGroup;
			children = (
				7F871C8126E737AC00E0DF29 /* Base */,
			);
			name = LaunchScreen.storyboard;
			sourceTree = "<group>";
		};
/* End PBXVariantGroup section */

/* Begin XCBuildConfiguration section */
		7F871C8426E737AC00E0DF29 /* Debug */ = {
			isa = XCBuildConfiguration;
			buildSettings = {
				ALWAYS_SEARCH_USER_PATHS = NO;
				CLANG_ANALYZER_NONNULL = YES;
				CLANG_ANALYZER_NUMBER_OBJECT_CONVERSION = YES_AGGRESSIVE;
				CLANG_CXX_LANGUAGE_STANDARD = "gnu++14";
				CLANG_CXX_LIBRARY = "libc++";
				CLANG_ENABLE_MODULES = YES;
				CLANG_ENABLE_OBJC_ARC = YES;
				CLANG_ENABLE_OBJC_WEAK = YES;
				CLANG_WARN_BLOCK_CAPTURE_AUTORELEASING = YES;
				CLANG_WARN_BOOL_CONVERSION = YES;
				CLANG_WARN_COMMA = YES;
				CLANG_WARN_CONSTANT_CONVERSION = YES;
				CLANG_WARN_DEPRECATED_OBJC_IMPLEMENTATIONS = YES;
				CLANG_WARN_DIRECT_OBJC_ISA_USAGE = YES_ERROR;
				CLANG_WARN_DOCUMENTATION_COMMENTS = YES;
				CLANG_WARN_EMPTY_BODY = YES;
				CLANG_WARN_ENUM_CONVERSION = YES;
				CLANG_WARN_INFINITE_RECURSION = YES;
				CLANG_WARN_INT_CONVERSION = YES;
				CLANG_WARN_NON_LITERAL_NULL_CONVERSION = YES;
				CLANG_WARN_OBJC_IMPLICIT_RETAIN_SELF = YES;
				CLANG_WARN_OBJC_LITERAL_CONVERSION = YES;
				CLANG_WARN_OBJC_ROOT_CLASS = YES_ERROR;
				CLANG_WARN_QUOTED_INCLUDE_IN_FRAMEWORK_HEADER = YES;
				CLANG_WARN_RANGE_LOOP_ANALYSIS = YES;
				CLANG_WARN_STRICT_PROTOTYPES = YES;
				CLANG_WARN_SUSPICIOUS_MOVE = YES;
				CLANG_WARN_UNGUARDED_AVAILABILITY = YES_AGGRESSIVE;
				CLANG_WARN_UNREACHABLE_CODE = YES;
				CLANG_WARN__DUPLICATE_METHOD_MATCH = YES;
				COPY_PHASE_STRIP = NO;
				DEBUG_INFORMATION_FORMAT = dwarf;
				ENABLE_STRICT_OBJC_MSGSEND = YES;
				ENABLE_TESTABILITY = YES;
				GCC_C_LANGUAGE_STANDARD = gnu11;
				GCC_DYNAMIC_NO_PIC = NO;
				GCC_NO_COMMON_BLOCKS = YES;
				GCC_OPTIMIZATION_LEVEL = 0;
				GCC_PREPROCESSOR_DEFINITIONS = (
					"DEBUG=1",
					"$(inherited)",
				);
				GCC_WARN_64_TO_32_BIT_CONVERSION = YES;
				GCC_WARN_ABOUT_RETURN_TYPE = YES_ERROR;
				GCC_WARN_UNDECLARED_SELECTOR = YES;
				GCC_WARN_UNINITIALIZED_AUTOS = YES_AGGRESSIVE;
				GCC_WARN_UNUSED_FUNCTION = YES;
				GCC_WARN_UNUSED_VARIABLE = YES;
				IPHONEOS_DEPLOYMENT_TARGET = 14.5;
				MTL_ENABLE_DEBUG_INFO = INCLUDE_SOURCE;
				MTL_FAST_MATH = YES;
				ONLY_ACTIVE_ARCH = YES;
				SDKROOT = iphoneos;
				SWIFT_ACTIVE_COMPILATION_CONDITIONS = DEBUG;
				SWIFT_OPTIMIZATION_LEVEL = "-Onone";
			};
			name = Debug;
		};
		7F871C8526E737AC00E0DF29 /* Release */ = {
			isa = XCBuildConfiguration;
			buildSettings = {
				ALWAYS_SEARCH_USER_PATHS = NO;
				CLANG_ANALYZER_NONNULL = YES;
				CLANG_ANALYZER_NUMBER_OBJECT_CONVERSION = YES_AGGRESSIVE;
				CLANG_CXX_LANGUAGE_STANDARD = "gnu++14";
				CLANG_CXX_LIBRARY = "libc++";
				CLANG_ENABLE_MODULES = YES;
				CLANG_ENABLE_OBJC_ARC = YES;
				CLANG_ENABLE_OBJC_WEAK = YES;
				CLANG_WARN_BLOCK_CAPTURE_AUTORELEASING = YES;
				CLANG_WARN_BOOL_CONVERSION = YES;
				CLANG_WARN_COMMA = YES;
				CLANG_WARN_CONSTANT_CONVERSION = YES;
				CLANG_WARN_DEPRECATED_OBJC_IMPLEMENTATIONS = YES;
				CLANG_WARN_DIRECT_OBJC_ISA_USAGE = YES_ERROR;
				CLANG_WARN_DOCUMENTATION_COMMENTS = YES;
				CLANG_WARN_EMPTY_BODY = YES;
				CLANG_WARN_ENUM_CONVERSION = YES;
				CLANG_WARN_INFINITE_RECURSION = YES;
				CLANG_WARN_INT_CONVERSION = YES;
				CLANG_WARN_NON_LITERAL_NULL_CONVERSION = YES;
				CLANG_WARN_OBJC_IMPLICIT_RETAIN_SELF = YES;
				CLANG_WARN_OBJC_LITERAL_CONVERSION = YES;
				CLANG_WARN_OBJC_ROOT_CLASS = YES_ERROR;
				CLANG_WARN_QUOTED_INCLUDE_IN_FRAMEWORK_HEADER = YES;
				CLANG_WARN_RANGE_LOOP_ANALYSIS = YES;
				CLANG_WARN_STRICT_PROTOTYPES = YES;
				CLANG_WARN_SUSPICIOUS_MOVE = YES;
				CLANG_WARN_UNGUARDED_AVAILABILITY = YES_AGGRESSIVE;
				CLANG_WARN_UNREACHABLE_CODE = YES;
				CLANG_WARN__DUPLICATE_METHOD_MATCH = YES;
				COPY_PHASE_STRIP = NO;
				DEBUG_INFORMATION_FORMAT = "dwarf-with-dsym";
				ENABLE_NS_ASSERTIONS = NO;
				ENABLE_STRICT_OBJC_MSGSEND = YES;
				GCC_C_LANGUAGE_STANDARD = gnu11;
				GCC_NO_COMMON_BLOCKS = YES;
				GCC_WARN_64_TO_32_BIT_CONVERSION = YES;
				GCC_WARN_ABOUT_RETURN_TYPE = YES_ERROR;
				GCC_WARN_UNDECLARED_SELECTOR = YES;
				GCC_WARN_UNINITIALIZED_AUTOS = YES_AGGRESSIVE;
				GCC_WARN_UNUSED_FUNCTION = YES;
				GCC_WARN_UNUSED_VARIABLE = YES;
				IPHONEOS_DEPLOYMENT_TARGET = 14.5;
				MTL_ENABLE_DEBUG_INFO = NO;
				MTL_FAST_MATH = YES;
				SDKROOT = iphoneos;
				SWIFT_COMPILATION_MODE = wholemodule;
				SWIFT_OPTIMIZATION_LEVEL = "-O";
				VALIDATE_PRODUCT = YES;
			};
			name = Release;
		};
		7F871C8726E737AC00E0DF29 /* Debug */ = {
			isa = XCBuildConfiguration;
			buildSettings = {
				ASSETCATALOG_COMPILER_APPICON_NAME = AppIcon;
				ASSETCATALOG_COMPILER_GLOBAL_ACCENT_COLOR_NAME = AccentColor;
				CODE_SIGN_STYLE = Automatic;
				INFOPLIST_FILE = PokedexTest/Info.plist;
				LD_RUNPATH_SEARCH_PATHS = (
					"$(inherited)",
					"@executable_path/Frameworks",
				);
				PRODUCT_BUNDLE_IDENTIFIER = co.zachbuff.PokedexTest;
				PRODUCT_NAME = "$(TARGET_NAME)";
				SWIFT_VERSION = 5.0;
				TARGETED_DEVICE_FAMILY = "1,2";
			};
			name = Debug;
		};
		7F871C8826E737AC00E0DF29 /* Release */ = {
			isa = XCBuildConfiguration;
			buildSettings = {
				ASSETCATALOG_COMPILER_APPICON_NAME = AppIcon;
				ASSETCATALOG_COMPILER_GLOBAL_ACCENT_COLOR_NAME = AccentColor;
				CODE_SIGN_STYLE = Automatic;
				INFOPLIST_FILE = PokedexTest/Info.plist;
				LD_RUNPATH_SEARCH_PATHS = (
					"$(inherited)",
					"@executable_path/Frameworks",
				);
				PRODUCT_BUNDLE_IDENTIFIER = co.zachbuff.PokedexTest;
				PRODUCT_NAME = "$(TARGET_NAME)";
				SWIFT_VERSION = 5.0;
				TARGETED_DEVICE_FAMILY = "1,2";
			};
			name = Release;
		};
/* End XCBuildConfiguration section */

/* Begin XCConfigurationList section */
		7F871C6D26E737AC00E0DF29 /* Build configuration list for PBXProject "PokedexTest" */ = {
			isa = XCConfigurationList;
			buildConfigurations = (
				7F871C8426E737AC00E0DF29 /* Debug */,
				7F871C8526E737AC00E0DF29 /* Release */,
			);
			defaultConfigurationIsVisible = 0;
			defaultConfigurationName = Release;
		};
		7F871C8626E737AC00E0DF29 /* Build configuration list for PBXNativeTarget "PokedexTest" */ = {
			isa = XCConfigurationList;
			buildConfigurations = (
				7F871C8726E737AC00E0DF29 /* Debug */,
				7F871C8826E737AC00E0DF29 /* Release */,
			);
			defaultConfigurationIsVisible = 0;
			defaultConfigurationName = Release;
		};
/* End XCConfigurationList section */
	};
	rootObject = 7F871C6A26E737AC00E0DF29 /* Project object */;
}
